
Microsoft Visual Studio Solution File, Format Version 12.00
# Visual Studio Version 16
VisualStudioVersion = 16.0.29230.47
MinimumVisualStudioVersion = 10.0.40219.1
Project("{FAE04EC0-301F-11D3-BF4B-00C04F79EFBC}") = "NoSocNet.API", "NoSocNet.API\NoSocNet.API.csproj", "{58CAA41D-3BB5-4C8E-A716-FEF55E14E67B}"
EndProject
Project("{FAE04EC0-301F-11D3-BF4B-00C04F79EFBC}") = "NoSocNet.Domain", "NoSocNet.Domain\NoSocNet.Domain.csproj", "{5DE5034E-760A-48A0-8C75-B877D765ABB3}"
EndProject
Global
	GlobalSection(SolutionConfigurationPlatforms) = preSolution
		Debug|Any CPU = Debug|Any CPU
		Release|Any CPU = Release|Any CPU
	EndGlobalSection
	GlobalSection(ProjectConfigurationPlatforms) = postSolution
		{58CAA41D-3BB5-4C8E-A716-FEF55E14E67B}.Debug|Any CPU.ActiveCfg = Debug|Any CPU
		{58CAA41D-3BB5-4C8E-A716-FEF55E14E67B}.Debug|Any CPU.Build.0 = Debug|Any CPU
		{58CAA41D-3BB5-4C8E-A716-FEF55E14E67B}.Release|Any CPU.ActiveCfg = Release|Any CPU
		{58CAA41D-3BB5-4C8E-A716-FEF55E14E67B}.Release|Any CPU.Build.0 = Release|Any CPU
		{5DE5034E-760A-48A0-8C75-B877D765ABB3}.Debug|Any CPU.ActiveCfg = Debug|Any CPU
		{5DE5034E-760A-48A0-8C75-B877D765ABB3}.Debug|Any CPU.Build.0 = Debug|Any CPU
		{5DE5034E-760A-48A0-8C75-B877D765ABB3}.Release|Any CPU.ActiveCfg = Release|Any CPU
		{5DE5034E-760A-48A0-8C75-B877D765ABB3}.Release|Any CPU.Build.0 = Release|Any CPU
	EndGlobalSection
	GlobalSection(SolutionProperties) = preSolution
		HideSolutionNode = FALSE
	EndGlobalSection
	GlobalSection(ExtensibilityGlobals) = postSolution
		SolutionGuid = {52857B38-EF7D-4C97-BE03-49DA3D59D685}
	EndGlobalSection
EndGlobal
